
Microsoft Visual Studio Solution File, Format Version 12.00
# Visual Studio Version 17
VisualStudioVersion = 17.4.33103.184
MinimumVisualStudioVersion = 10.0.40219.1
Project("{FAE04EC0-301F-11D3-BF4B-00C04F79EFBC}") = "FamilyApp", "FamilyApp\FamilyApp.csproj", "{1B4B4ACC-D63B-4191-95B5-24663BB2852A}"
EndProject
Global
	GlobalSection(SolutionConfigurationPlatforms) = preSolution
		Debug|Any CPU = Debug|Any CPU
		Release|Any CPU = Release|Any CPU
	EndGlobalSection
	GlobalSection(ProjectConfigurationPlatforms) = postSolution
		{1B4B4ACC-D63B-4191-95B5-24663BB2852A}.Debug|Any CPU.ActiveCfg = Debug|Any CPU
		{1B4B4ACC-D63B-4191-95B5-24663BB2852A}.Debug|Any CPU.Build.0 = Debug|Any CPU
		{1B4B4ACC-D63B-4191-95B5-24663BB2852A}.Release|Any CPU.ActiveCfg = Release|Any CPU
		{1B4B4ACC-D63B-4191-95B5-24663BB2852A}.Release|Any CPU.Build.0 = Release|Any CPU
	EndGlobalSection
	GlobalSection(SolutionProperties) = preSolution
		HideSolutionNode = FALSE
	EndGlobalSection
	GlobalSection(ExtensibilityGlobals) = postSolution
		SolutionGuid = {80E90608-B416-44F0-978A-EA75B393F82E}
	EndGlobalSection
EndGlobal
